
Microsoft Visual Studio Solution File, Format Version 12.00
# Visual Studio Version 17
VisualStudioVersion = 17.4.33122.133
MinimumVisualStudioVersion = 10.0.40219.1
Project("{FAE04EC0-301F-11D3-BF4B-00C04F79EFBC}") = "Sweeft_test", "Sweeft_test.csproj", "{D6585253-AEBB-4114-9DA5-6B70E55D908E}"
EndProject
Global
	GlobalSection(SolutionConfigurationPlatforms) = preSolution
		Debug|Any CPU = Debug|Any CPU
		Release|Any CPU = Release|Any CPU
	EndGlobalSection
	GlobalSection(ProjectConfigurationPlatforms) = postSolution
		{D6585253-AEBB-4114-9DA5-6B70E55D908E}.Debug|Any CPU.ActiveCfg = Debug|Any CPU
		{D6585253-AEBB-4114-9DA5-6B70E55D908E}.Debug|Any CPU.Build.0 = Debug|Any CPU
		{D6585253-AEBB-4114-9DA5-6B70E55D908E}.Release|Any CPU.ActiveCfg = Release|Any CPU
		{D6585253-AEBB-4114-9DA5-6B70E55D908E}.Release|Any CPU.Build.0 = Release|Any CPU
	EndGlobalSection
	GlobalSection(SolutionProperties) = preSolution
		HideSolutionNode = FALSE
	EndGlobalSection
	GlobalSection(ExtensibilityGlobals) = postSolution
		SolutionGuid = {AE52093B-D9B2-4C4C-AA1D-360BC9E96CCD}
	EndGlobalSection
EndGlobal
